// !$*UTF8*$!
{
	archiveVersion = 1;
	classes = {
	};
	objectVersion = 50;
	objects = {

/* Begin PBXBuildFile section */
		FCC21C4520C9EABE00814EED /* AppDelegate.swift in Sources */ = {isa = PBXBuildFile; fileRef = FCC21C4420C9EABE00814EED /* AppDelegate.swift */; };
		FCC21C4A20C9EABE00814EED /* Main.storyboard in Resources */ = {isa = PBXBuildFile; fileRef = FCC21C4820C9EABE00814EED /* Main.storyboard */; };
		FCC21C4C20C9EABF00814EED /* Assets.xcassets in Resources */ = {isa = PBXBuildFile; fileRef = FCC21C4B20C9EABF00814EED /* Assets.xcassets */; };
		FCC21C4F20C9EABF00814EED /* LaunchScreen.storyboard in Resources */ = {isa = PBXBuildFile; fileRef = FCC21C4D20C9EABF00814EED /* LaunchScreen.storyboard */; };
		FCC21C5A20C9EABF00814EED /* HomepwnerTests.swift in Sources */ = {isa = PBXBuildFile; fileRef = FCC21C5920C9EABF00814EED /* HomepwnerTests.swift */; };
		FCC21C6520C9EABF00814EED /* HomepwnerUITests.swift in Sources */ = {isa = PBXBuildFile; fileRef = FCC21C6420C9EABF00814EED /* HomepwnerUITests.swift */; };
		FCC21C7320C9EC2B00814EED /* ItemsViewController.swift in Sources */ = {isa = PBXBuildFile; fileRef = FCC21C7220C9EC2B00814EED /* ItemsViewController.swift */; };
/* End PBXBuildFile section */

/* Begin PBXContainerItemProxy section */
		FCC21C5620C9EABF00814EED /* PBXContainerItemProxy */ = {
			isa = PBXContainerItemProxy;
			containerPortal = FCC21C3920C9EABE00814EED /* Project object */;
			proxyType = 1;
			remoteGlobalIDString = FCC21C4020C9EABE00814EED;
			remoteInfo = Homepwner;
		};
		FCC21C6120C9EABF00814EED /* PBXContainerItemProxy */ = {
			isa = PBXContainerItemProxy;
			containerPortal = FCC21C3920C9EABE00814EED /* Project object */;
			proxyType = 1;
			remoteGlobalIDString = FCC21C4020C9EABE00814EED;
			remoteInfo = Homepwner;
		};
/* End PBXContainerItemProxy section */

/* Begin PBXFileReference section */
		FCC21C4120C9EABE00814EED /* Homepwner.app */ = {isa = PBXFileReference; explicitFileType = wrapper.application; includeInIndex = 0; path = Homepwner.app; sourceTree = BUILT_PRODUCTS_DIR; };
		FCC21C4420C9EABE00814EED /* AppDelegate.swift */ = {isa = PBXFileReference; lastKnownFileType = sourcecode.swift; path = AppDelegate.swift; sourceTree = "<group>"; };
		FCC21C4920C9EABE00814EED /* Base */ = {isa = PBXFileReference; lastKnownFileType = file.storyboard; name = Base; path = Base.lproj/Main.storyboard; sourceTree = "<group>"; };
		FCC21C4B20C9EABF00814EED /* Assets.xcassets */ = {isa = PBXFileReference; lastKnownFileType = folder.assetcatalog; path = Assets.xcassets; sourceTree = "<group>"; };
		FCC21C4E20C9EABF00814EED /* Base */ = {isa = PBXFileReference; lastKnownFileType = file.storyboard; name = Base; path = Base.lproj/LaunchScreen.storyboard; sourceTree = "<group>"; };
		FCC21C5020C9EABF00814EED /* Info.plist */ = {isa = PBXFileReference; lastKnownFileType = text.plist.xml; path = Info.plist; sourceTree = "<group>"; };
		FCC21C5520C9EABF00814EED /* HomepwnerTests.xctest */ = {isa = PBXFileReference; explicitFileType = wrapper.cfbundle; includeInIndex = 0; path = HomepwnerTests.xctest; sourceTree = BUILT_PRODUCTS_DIR; };
		FCC21C5920C9EABF00814EED /* HomepwnerTests.swift */ = {isa = PBXFileReference; lastKnownFileType = sourcecode.swift; path = HomepwnerTests.swift; sourceTree = "<group>"; };
		FCC21C5B20C9EABF00814EED /* Info.plist */ = {isa = PBXFileReference; lastKnownFileType = text.plist.xml; path = Info.plist; sourceTree = "<group>"; };
		FCC21C6020C9EABF00814EED /* HomepwnerUITests.xctest */ = {isa = PBXFileReference; explicitFileType = wrapper.cfbundle; includeInIndex = 0; path = HomepwnerUITests.xctest; sourceTree = BUILT_PRODUCTS_DIR; };
		FCC21C6420C9EABF00814EED /* HomepwnerUITests.swift */ = {isa = PBXFileReference; lastKnownFileType = sourcecode.swift; path = HomepwnerUITests.swift; sourceTree = "<group>"; };
		FCC21C6620C9EABF00814EED /* Info.plist */ = {isa = PBXFileReference; lastKnownFileType = text.plist.xml; path = Info.plist; sourceTree = "<group>"; };
		FCC21C7220C9EC2B00814EED /* ItemsViewController.swift */ = {isa = PBXFileReference; lastKnownFileType = sourcecode.swift; path = ItemsViewController.swift; sourceTree = "<group>"; };
/* End PBXFileReference section */

/* Begin PBXFrameworksBuildPhase section */
		FCC21C3E20C9EABE00814EED /* Frameworks */ = {
			isa = PBXFrameworksBuildPhase;
			buildActionMask = 2147483647;
			files = (
			);
			runOnlyForDeploymentPostprocessing = 0;
		};
		FCC21C5220C9EABF00814EED /* Frameworks */ = {
			isa = PBXFrameworksBuildPhase;
			buildActionMask = 2147483647;
			files = (
			);
			runOnlyForDeploymentPostprocessing = 0;
		};
		FCC21C5D20C9EABF00814EED /* Frameworks */ = {
			isa = PBXFrameworksBuildPhase;
			buildActionMask = 2147483647;
			files = (
			);
			runOnlyForDeploymentPostprocessing = 0;
		};
/* End PBXFrameworksBuildPhase section */

/* Begin PBXGroup section */
		FCC21C3820C9EABE00814EED = {
			isa = PBXGroup;
			children = (
				FCC21C4320C9EABE00814EED /* Homepwner */,
				FCC21C5820C9EABF00814EED /* HomepwnerTests */,
				FCC21C6320C9EABF00814EED /* HomepwnerUITests */,
				FCC21C4220C9EABE00814EED /* Products */,
			);
			sourceTree = "<group>";
		};
		FCC21C4220C9EABE00814EED /* Products */ = {
			isa = PBXGroup;
			children = (
				FCC21C4120C9EABE00814EED /* Homepwner.app */,
				FCC21C5520C9EABF00814EED /* HomepwnerTests.xctest */,
				FCC21C6020C9EABF00814EED /* HomepwnerUITests.xctest */,
			);
			name = Products;
			sourceTree = "<group>";
		};
		FCC21C4320C9EABE00814EED /* Homepwner */ = {
			isa = PBXGroup;
			children = (
				FCC21C7220C9EC2B00814EED /* ItemsViewController.swift */,
				FCC21C4420C9EABE00814EED /* AppDelegate.swift */,
				FCC21C4820C9EABE00814EED /* Main.storyboard */,
				FCC21C4B20C9EABF00814EED /* Assets.xcassets */,
				FCC21C4D20C9EABF00814EED /* LaunchScreen.storyboard */,
				FCC21C5020C9EABF00814EED /* Info.plist */,
			);
			path = Homepwner;
			sourceTree = "<group>";
		};
		FCC21C5820C9EABF00814EED /* HomepwnerTests */ = {
			isa = PBXGroup;
			children = (
				FCC21C5920C9EABF00814EED /* HomepwnerTests.swift */,
				FCC21C5B20C9EABF00814EED /* Info.plist */,
			);
			path = HomepwnerTests;
			sourceTree = "<group>";
		};
		FCC21C6320C9EABF00814EED /* HomepwnerUITests */ = {
			isa = PBXGroup;
			children = (
				FCC21C6420C9EABF00814EED /* HomepwnerUITests.swift */,
				FCC21C6620C9EABF00814EED /* Info.plist */,
			);
			path = HomepwnerUITests;
			sourceTree = "<group>";
		};
/* End PBXGroup section */

/* Begin PBXNativeTarget section */
		FCC21C4020C9EABE00814EED /* Homepwner */ = {
			isa = PBXNativeTarget;
			buildConfigurationList = FCC21C6920C9EABF00814EED /* Build configuration list for PBXNativeTarget "Homepwner" */;
			buildPhases = (
				FCC21C3D20C9EABE00814EED /* Sources */,
				FCC21C3E20C9EABE00814EED /* Frameworks */,
				FCC21C3F20C9EABE00814EED /* Resources */,
			);
			buildRules = (
			);
			dependencies = (
			);
			name = Homepwner;
			productName = Homepwner;
			productReference = FCC21C4120C9EABE00814EED /* Homepwner.app */;
			productType = "com.apple.product-type.application";
		};
		FCC21C5420C9EABF00814EED /* HomepwnerTests */ = {
			isa = PBXNativeTarget;
			buildConfigurationList = FCC21C6C20C9EABF00814EED /* Build configuration list for PBXNativeTarget "HomepwnerTests" */;
			buildPhases = (
				FCC21C5120C9EABF00814EED /* Sources */,
				FCC21C5220C9EABF00814EED /* Frameworks */,
				FCC21C5320C9EABF00814EED /* Resources */,
			);
			buildRules = (
			);
			dependencies = (
				FCC21C5720C9EABF00814EED /* PBXTargetDependency */,
			);
			name = HomepwnerTests;
			productName = HomepwnerTests;
			productReference = FCC21C5520C9EABF00814EED /* HomepwnerTests.xctest */;
			productType = "com.apple.product-type.bundle.unit-test";
		};
		FCC21C5F20C9EABF00814EED /* HomepwnerUITests */ = {
			isa = PBXNativeTarget;
			buildConfigurationList = FCC21C6F20C9EABF00814EED /* Build configuration list for PBXNativeTarget "HomepwnerUITests" */;
			buildPhases = (
				FCC21C5C20C9EABF00814EED /* Sources */,
				FCC21C5D20C9EABF00814EED /* Frameworks */,
				FCC21C5E20C9EABF00814EED /* Resources */,
			);
			buildRules = (
			);
			dependencies = (
				FCC21C6220C9EABF00814EED /* PBXTargetDependency */,
			);
			name = HomepwnerUITests;
			productName = HomepwnerUITests;
			productReference = FCC21C6020C9EABF00814EED /* HomepwnerUITests.xctest */;
			productType = "com.apple.product-type.bundle.ui-testing";
		};
/* End PBXNativeTarget section */

/* Begin PBXProject section */
		FCC21C3920C9EABE00814EED /* Project object */ = {
			isa = PBXProject;
			attributes = {
				LastSwiftUpdateCheck = 0940;
				LastUpgradeCheck = 0940;
				ORGANIZATIONNAME = "Erik Olson";
				TargetAttributes = {
					FCC21C4020C9EABE00814EED = {
						CreatedOnToolsVersion = 9.4;
					};
					FCC21C5420C9EABF00814EED = {
						CreatedOnToolsVersion = 9.4;
						TestTargetID = FCC21C4020C9EABE00814EED;
					};
					FCC21C5F20C9EABF00814EED = {
						CreatedOnToolsVersion = 9.4;
						TestTargetID = FCC21C4020C9EABE00814EED;
					};
				};
			};
			buildConfigurationList = FCC21C3C20C9EABE00814EED /* Build configuration list for PBXProject "Homepwner" */;
			compatibilityVersion = "Xcode 9.3";
			developmentRegion = en;
			hasScannedForEncodings = 0;
			knownRegions = (
				en,
				Base,
			);
			mainGroup = FCC21C3820C9EABE00814EED;
			productRefGroup = FCC21C4220C9EABE00814EED /* Products */;
			projectDirPath = "";
			projectRoot = "";
			targets = (
				FCC21C4020C9EABE00814EED /* Homepwner */,
				FCC21C5420C9EABF00814EED /* HomepwnerTests */,
				FCC21C5F20C9EABF00814EED /* HomepwnerUITests */,
			);
		};
/* End PBXProject section */

/* Begin PBXResourcesBuildPhase section */
		FCC21C3F20C9EABE00814EED /* Resources */ = {
			isa = PBXResourcesBuildPhase;
			buildActionMask = 2147483647;
			files = (
				FCC21C4F20C9EABF00814EED /* LaunchScreen.storyboard in Resources */,
				FCC21C4C20C9EABF00814EED /* Assets.xcassets in Resources */,
				FCC21C4A20C9EABE00814EED /* Main.storyboard in Resources */,
			);
			runOnlyForDeploymentPostprocessing = 0;
		};
		FCC21C5320C9EABF00814EED /* Resources */ = {
			isa = PBXResourcesBuildPhase;
			buildActionMask = 2147483647;
			files = (
			);
			runOnlyForDeploymentPostprocessing = 0;
		};
		FCC21C5E20C9EABF00814EED /* Resources */ = {
			isa = PBXResourcesBuildPhase;
			buildActionMask = 2147483647;
			files = (
			);
			runOnlyForDeploymentPostprocessing = 0;
		};
/* End PBXResourcesBuildPhase section */

/* Begin PBXSourcesBuildPhase section */
		FCC21C3D20C9EABE00814EED /* Sources */ = {
			isa = PBXSourcesBuildPhase;
			buildActionMask = 2147483647;
			files = (
				FCC21C7320C9EC2B00814EED /* ItemsViewController.swift in Sources */,
				FCC21C4520C9EABE00814EED /* AppDelegate.swift in Sources */,
			);
			runOnlyForDeploymentPostprocessing = 0;
		};
		FCC21C5120C9EABF00814EED /* Sources */ = {
			isa = PBXSourcesBuildPhase;
			buildActionMask = 2147483647;
			files = (
				FCC21C5A20C9EABF00814EED /* HomepwnerTests.swift in Sources */,
			);
			runOnlyForDeploymentPostprocessing = 0;
		};
		FCC21C5C20C9EABF00814EED /* Sources */ = {
			isa = PBXSourcesBuildPhase;
			buildActionMask = 2147483647;
			files = (
				FCC21C6520C9EABF00814EED /* HomepwnerUITests.swift in Sources */,
			);
			runOnlyForDeploymentPostprocessing = 0;
		};
/* End PBXSourcesBuildPhase section */

/* Begin PBXTargetDependency section */
		FCC21C5720C9EABF00814EED /* PBXTargetDependency */ = {
			isa = PBXTargetDependency;
			target = FCC21C4020C9EABE00814EED /* Homepwner */;
			targetProxy = FCC21C5620C9EABF00814EED /* PBXContainerItemProxy */;
		};
		FCC21C6220C9EABF00814EED /* PBXTargetDependency */ = {
			isa = PBXTargetDependency;
			target = FCC21C4020C9EABE00814EED /* Homepwner */;
			targetProxy = FCC21C6120C9EABF00814EED /* PBXContainerItemProxy */;
		};
/* End PBXTargetDependency section */

/* Begin PBXVariantGroup section */
		FCC21C4820C9EABE00814EED /* Main.storyboard */ = {
			isa = PBXVariantGroup;
			children = (
				FCC21C4920C9EABE00814EED /* Base */,
			);
			name = Main.storyboard;
			sourceTree = "<group>";
		};
		FCC21C4D20C9EABF00814EED /* LaunchScreen.storyboard */ = {
			isa = PBXVariantGroup;
			children = (
				FCC21C4E20C9EABF00814EED /* Base */,
			);
			name = LaunchScreen.storyboard;
			sourceTree = "<group>";
		};
/* End PBXVariantGroup section */

/* Begin XCBuildConfiguration section */
		FCC21C6720C9EABF00814EED /* Debug */ = {
			isa = XCBuildConfiguration;
			buildSettings = {
				ALWAYS_SEARCH_USER_PATHS = NO;
				CLANG_ANALYZER_NONNULL = YES;
				CLANG_ANALYZER_NUMBER_OBJECT_CONVERSION = YES_AGGRESSIVE;
				CLANG_CXX_LANGUAGE_STANDARD = "gnu++14";
				CLANG_CXX_LIBRARY = "libc++";
				CLANG_ENABLE_MODULES = YES;
				CLANG_ENABLE_OBJC_ARC = YES;
				CLANG_ENABLE_OBJC_WEAK = YES;
				CLANG_WARN_BLOCK_CAPTURE_AUTORELEASING = YES;
				CLANG_WARN_BOOL_CONVERSION = YES;
				CLANG_WARN_COMMA = YES;
				CLANG_WARN_CONSTANT_CONVERSION = YES;
				CLANG_WARN_DEPRECATED_OBJC_IMPLEMENTATIONS = YES;
				CLANG_WARN_DIRECT_OBJC_ISA_USAGE = YES_ERROR;
				CLANG_WARN_DOCUMENTATION_COMMENTS = YES;
				CLANG_WARN_EMPTY_BODY = YES;
				CLANG_WARN_ENUM_CONVERSION = YES;
				CLANG_WARN_INFINITE_RECURSION = YES;
				CLANG_WARN_INT_CONVERSION = YES;
				CLANG_WARN_NON_LITERAL_NULL_CONVERSION = YES;
				CLANG_WARN_OBJC_IMPLICIT_RETAIN_SELF = YES;
				CLANG_WARN_OBJC_LITERAL_CONVERSION = YES;
				CLANG_WARN_OBJC_ROOT_CLASS = YES_ERROR;
				CLANG_WARN_RANGE_LOOP_ANALYSIS = YES;
				CLANG_WARN_STRICT_PROTOTYPES = YES;
				CLANG_WARN_SUSPICIOUS_MOVE = YES;
				CLANG_WARN_UNGUARDED_AVAILABILITY = YES_AGGRESSIVE;
				CLANG_WARN_UNREACHABLE_CODE = YES;
				CLANG_WARN__DUPLICATE_METHOD_MATCH = YES;
				CODE_SIGN_IDENTITY = "iPhone Developer";
				COPY_PHASE_STRIP = NO;
				DEBUG_INFORMATION_FORMAT = dwarf;
				ENABLE_STRICT_OBJC_MSGSEND = YES;
				ENABLE_TESTABILITY = YES;
				GCC_C_LANGUAGE_STANDARD = gnu11;
				GCC_DYNAMIC_NO_PIC = NO;
				GCC_NO_COMMON_BLOCKS = YES;
				GCC_OPTIMIZATION_LEVEL = 0;
				GCC_PREPROCESSOR_DEFINITIONS = (
					"DEBUG=1",
					"$(inherited)",
				);
				GCC_WARN_64_TO_32_BIT_CONVERSION = YES;
				GCC_WARN_ABOUT_RETURN_TYPE = YES_ERROR;
				GCC_WARN_UNDECLARED_SELECTOR = YES;
				GCC_WARN_UNINITIALIZED_AUTOS = YES_AGGRESSIVE;
				GCC_WARN_UNUSED_FUNCTION = YES;
				GCC_WARN_UNUSED_VARIABLE = YES;
				IPHONEOS_DEPLOYMENT_TARGET = 11.4;
				MTL_ENABLE_DEBUG_INFO = YES;
				ONLY_ACTIVE_ARCH = YES;
				SDKROOT = iphoneos;
				SWIFT_ACTIVE_COMPILATION_CONDITIONS = DEBUG;
				SWIFT_OPTIMIZATION_LEVEL = "-Onone";
			};
			name = Debug;
		};
		FCC21C6820C9EABF00814EED /* Release */ = {
			isa = XCBuildConfiguration;
			buildSettings = {
				ALWAYS_SEARCH_USER_PATHS = NO;
				CLANG_ANALYZER_NONNULL = YES;
				CLANG_ANALYZER_NUMBER_OBJECT_CONVERSION = YES_AGGRESSIVE;
				CLANG_CXX_LANGUAGE_STANDARD = "gnu++14";
				CLANG_CXX_LIBRARY = "libc++";
				CLANG_ENABLE_MODULES = YES;
				CLANG_ENABLE_OBJC_ARC = YES;
				CLANG_ENABLE_OBJC_WEAK = YES;
				CLANG_WARN_BLOCK_CAPTURE_AUTORELEASING = YES;
				CLANG_WARN_BOOL_CONVERSION = YES;
				CLANG_WARN_COMMA = YES;
				CLANG_WARN_CONSTANT_CONVERSION = YES;
				CLANG_WARN_DEPRECATED_OBJC_IMPLEMENTATIONS = YES;
				CLANG_WARN_DIRECT_OBJC_ISA_USAGE = YES_ERROR;
				CLANG_WARN_DOCUMENTATION_COMMENTS = YES;
				CLANG_WARN_EMPTY_BODY = YES;
				CLANG_WARN_ENUM_CONVERSION = YES;
				CLANG_WARN_INFINITE_RECURSION = YES;
				CLANG_WARN_INT_CONVERSION = YES;
				CLANG_WARN_NON_LITERAL_NULL_CONVERSION = YES;
				CLANG_WARN_OBJC_IMPLICIT_RETAIN_SELF = YES;
				CLANG_WARN_OBJC_LITERAL_CONVERSION = YES;
				CLANG_WARN_OBJC_ROOT_CLASS = YES_ERROR;
				CLANG_WARN_RANGE_LOOP_ANALYSIS = YES;
				CLANG_WARN_STRICT_PROTOTYPES = YES;
				CLANG_WARN_SUSPICIOUS_MOVE = YES;
				CLANG_WARN_UNGUARDED_AVAILABILITY = YES_AGGRESSIVE;
				CLANG_WARN_UNREACHABLE_CODE = YES;
				CLANG_WARN__DUPLICATE_METHOD_MATCH = YES;
				CODE_SIGN_IDENTITY = "iPhone Developer";
				COPY_PHASE_STRIP = NO;
				DEBUG_INFORMATION_FORMAT = "dwarf-with-dsym";
				ENABLE_NS_ASSERTIONS = NO;
				ENABLE_STRICT_OBJC_MSGSEND = YES;
				GCC_C_LANGUAGE_STANDARD = gnu11;
				GCC_NO_COMMON_BLOCKS = YES;
				GCC_WARN_64_TO_32_BIT_CONVERSION = YES;
				GCC_WARN_ABOUT_RETURN_TYPE = YES_ERROR;
				GCC_WARN_UNDECLARED_SELECTOR = YES;
				GCC_WARN_UNINITIALIZED_AUTOS = YES_AGGRESSIVE;
				GCC_WARN_UNUSED_FUNCTION = YES;
				GCC_WARN_UNUSED_VARIABLE = YES;
				IPHONEOS_DEPLOYMENT_TARGET = 11.4;
				MTL_ENABLE_DEBUG_INFO = NO;
				SDKROOT = iphoneos;
				SWIFT_COMPILATION_MODE = wholemodule;
				SWIFT_OPTIMIZATION_LEVEL = "-O";
				VALIDATE_PRODUCT = YES;
			};
			name = Release;
		};
		FCC21C6A20C9EABF00814EED /* Debug */ = {
			isa = XCBuildConfiguration;
			buildSettings = {
				ASSETCATALOG_COMPILER_APPICON_NAME = AppIcon;
				CODE_SIGN_STYLE = Automatic;
				DEVELOPMENT_TEAM = 5ZR62RK7QJ;
				INFOPLIST_FILE = Homepwner/Info.plist;
				LD_RUNPATH_SEARCH_PATHS = (
					"$(inherited)",
					"@executable_path/Frameworks",
				);
				PRODUCT_BUNDLE_IDENTIFIER = com.erikolson.Homepwner;
				PRODUCT_NAME = "$(TARGET_NAME)";
				SWIFT_VERSION = 4.0;
				TARGETED_DEVICE_FAMILY = "1,2";
			};
			name = Debug;
		};
		FCC21C6B20C9EABF00814EED /* Release */ = {
			isa = XCBuildConfiguration;
			buildSettings = {
				ASSETCATALOG_COMPILER_APPICON_NAME = AppIcon;
				CODE_SIGN_STYLE = Automatic;
				DEVELOPMENT_TEAM = 5ZR62RK7QJ;
				INFOPLIST_FILE = Homepwner/Info.plist;
				LD_RUNPATH_SEARCH_PATHS = (
					"$(inherited)",
					"@executable_path/Frameworks",
				);
				PRODUCT_BUNDLE_IDENTIFIER = com.erikolson.Homepwner;
				PRODUCT_NAME = "$(TARGET_NAME)";
				SWIFT_VERSION = 4.0;
				TARGETED_DEVICE_FAMILY = "1,2";
			};
			name = Release;
		};
		FCC21C6D20C9EABF00814EED /* Debug */ = {
			isa = XCBuildConfiguration;
			buildSettings = {
				ALWAYS_EMBED_SWIFT_STANDARD_LIBRARIES = YES;
				BUNDLE_LOADER = "$(TEST_HOST)";
				CODE_SIGN_STYLE = Automatic;
				DEVELOPMENT_TEAM = 5ZR62RK7QJ;
				INFOPLIST_FILE = HomepwnerTests/Info.plist;
				LD_RUNPATH_SEARCH_PATHS = (
					"$(inherited)",
					"@executable_path/Frameworks",
					"@loader_path/Frameworks",
				);
				PRODUCT_BUNDLE_IDENTIFIER = com.erikolson.HomepwnerTests;
				PRODUCT_NAME = "$(TARGET_NAME)";
				SWIFT_VERSION = 4.0;
				TARGETED_DEVICE_FAMILY = "1,2";
				TEST_HOST = "$(BUILT_PRODUCTS_DIR)/Homepwner.app/Homepwner";
			};
			name = Debug;
		};
		FCC21C6E20C9EABF00814EED /* Release */ = {
			isa = XCBuildConfiguration;
			buildSettings = {
				ALWAYS_EMBED_SWIFT_STANDARD_LIBRARIES = YES;
				BUNDLE_LOADER = "$(TEST_HOST)";
				CODE_SIGN_STYLE = Automatic;
				DEVELOPMENT_TEAM = 5ZR62RK7QJ;
				INFOPLIST_FILE = HomepwnerTests/Info.plist;
				LD_RUNPATH_SEARCH_PATHS = (
					"$(inherited)",
					"@executable_path/Frameworks",
					"@loader_path/Frameworks",
				);
				PRODUCT_BUNDLE_IDENTIFIER = com.erikolson.HomepwnerTests;
				PRODUCT_NAME = "$(TARGET_NAME)";
				SWIFT_VERSION = 4.0;
				TARGETED_DEVICE_FAMILY = "1,2";
				TEST_HOST = "$(BUILT_PRODUCTS_DIR)/Homepwner.app/Homepwner";
			};
			name = Release;
		};
		FCC21C7020C9EABF00814EED /* Debug */ = {
			isa = XCBuildConfiguration;
			buildSettings = {
				ALWAYS_EMBED_SWIFT_STANDARD_LIBRARIES = YES;
				CODE_SIGN_STYLE = Automatic;
				DEVELOPMENT_TEAM = 5ZR62RK7QJ;
				INFOPLIST_FILE = HomepwnerUITests/Info.plist;
				LD_RUNPATH_SEARCH_PATHS = (
					"$(inherited)",
					"@executable_path/Frameworks",
					"@loader_path/Frameworks",
				);
				PRODUCT_BUNDLE_IDENTIFIER = com.erikolson.HomepwnerUITests;
				PRODUCT_NAME = "$(TARGET_NAME)";
				SWIFT_VERSION = 4.0;
				TARGETED_DEVICE_FAMILY = "1,2";
				TEST_TARGET_NAME = Homepwner;
			};
			name = Debug;
		};
		FCC21C7120C9EABF00814EED /* Release */ = {
			isa = XCBuildConfiguration;
			buildSettings = {
				ALWAYS_EMBED_SWIFT_STANDARD_LIBRARIES = YES;
				CODE_SIGN_STYLE = Automatic;
				DEVELOPMENT_TEAM = 5ZR62RK7QJ;
				INFOPLIST_FILE = HomepwnerUITests/Info.plist;
				LD_RUNPATH_SEARCH_PATHS = (
					"$(inherited)",
					"@executable_path/Frameworks",
					"@loader_path/Frameworks",
				);
				PRODUCT_BUNDLE_IDENTIFIER = com.erikolson.HomepwnerUITests;
				PRODUCT_NAME = "$(TARGET_NAME)";
				SWIFT_VERSION = 4.0;
				TARGETED_DEVICE_FAMILY = "1,2";
				TEST_TARGET_NAME = Homepwner;
			};
			name = Release;
		};
/* End XCBuildConfiguration section */

/* Begin XCConfigurationList section */
		FCC21C3C20C9EABE00814EED /* Build configuration list for PBXProject "Homepwner" */ = {
			isa = XCConfigurationList;
			buildConfigurations = (
				FCC21C6720C9EABF00814EED /* Debug */,
				FCC21C6820C9EABF00814EED /* Release */,
			);
			defaultConfigurationIsVisible = 0;
			defaultConfigurationName = Release;
		};
		FCC21C6920C9EABF00814EED /* Build configuration list for PBXNativeTarget "Homepwner" */ = {
			isa = XCConfigurationList;
			buildConfigurations = (
				FCC21C6A20C9EABF00814EED /* Debug */,
				FCC21C6B20C9EABF00814EED /* Release */,
			);
			defaultConfigurationIsVisible = 0;
			defaultConfigurationName = Release;
		};
		FCC21C6C20C9EABF00814EED /* Build configuration list for PBXNativeTarget "HomepwnerTests" */ = {
			isa = XCConfigurationList;
			buildConfigurations = (
				FCC21C6D20C9EABF00814EED /* Debug */,
				FCC21C6E20C9EABF00814EED /* Release */,
			);
			defaultConfigurationIsVisible = 0;
			defaultConfigurationName = Release;
		};
		FCC21C6F20C9EABF00814EED /* Build configuration list for PBXNativeTarget "HomepwnerUITests" */ = {
			isa = XCConfigurationList;
			buildConfigurations = (
				FCC21C7020C9EABF00814EED /* Debug */,
				FCC21C7120C9EABF00814EED /* Release */,
			);
			defaultConfigurationIsVisible = 0;
			defaultConfigurationName = Release;
		};
/* End XCConfigurationList section */
	};
	rootObject = FCC21C3920C9EABE00814EED /* Project object */;
}
